// !$*UTF8*$!
{
	archiveVersion = 1;
	classes = {
	};
	objectVersion = 56;
	objects = {

/* Begin PBXBuildFile section */
		2BD6A2F6A3C9D35682A82081 /* Pods_BT_Photos.framework in Frameworks */ = {isa = PBXBuildFile; fileRef = BE727CBB298BD6DCF9809C9F /* Pods_BT_Photos.framework */; };
		576794CD2B8B49C2001EF73C /* PhotosCollectionView.swift in Sources */ = {isa = PBXBuildFile; fileRef = 576794CC2B8B49C2001EF73C /* PhotosCollectionView.swift */; };
		576794D22B8B5631001EF73C /* DetailsTableView.swift in Sources */ = {isa = PBXBuildFile; fileRef = 576794D12B8B5631001EF73C /* DetailsTableView.swift */; };
		576794D92B8B576F001EF73C /* ColorThumbnailTableViewCell.swift in Sources */ = {isa = PBXBuildFile; fileRef = 576794D72B8B576F001EF73C /* ColorThumbnailTableViewCell.swift */; };
		576794DA2B8B576F001EF73C /* ColorThumbnailTableViewCell.xib in Resources */ = {isa = PBXBuildFile; fileRef = 576794D82B8B576F001EF73C /* ColorThumbnailTableViewCell.xib */; };
		576794DD2B8B63AF001EF73C /* UIView+Extension.swift in Sources */ = {isa = PBXBuildFile; fileRef = 576794DC2B8B63AF001EF73C /* UIView+Extension.swift */; };
		577F3D2B2B8A3BB400B12EC6 /* AppDelegate.swift in Sources */ = {isa = PBXBuildFile; fileRef = 577F3D2A2B8A3BB400B12EC6 /* AppDelegate.swift */; };
		577F3D2D2B8A3BB400B12EC6 /* SceneDelegate.swift in Sources */ = {isa = PBXBuildFile; fileRef = 577F3D2C2B8A3BB400B12EC6 /* SceneDelegate.swift */; };
		577F3D2F2B8A3BB400B12EC6 /* MainViewController.swift in Sources */ = {isa = PBXBuildFile; fileRef = 577F3D2E2B8A3BB400B12EC6 /* MainViewController.swift */; };
		577F3D322B8A3BB400B12EC6 /* Main.storyboard in Resources */ = {isa = PBXBuildFile; fileRef = 577F3D302B8A3BB400B12EC6 /* Main.storyboard */; };
		577F3D342B8A3BB500B12EC6 /* Assets.xcassets in Resources */ = {isa = PBXBuildFile; fileRef = 577F3D332B8A3BB500B12EC6 /* Assets.xcassets */; };
		577F3D372B8A3BB500B12EC6 /* LaunchScreen.storyboard in Resources */ = {isa = PBXBuildFile; fileRef = 577F3D352B8A3BB500B12EC6 /* LaunchScreen.storyboard */; };
		578CDA222B8B75D400DAA267 /* UIVIewController+Extension.swift in Sources */ = {isa = PBXBuildFile; fileRef = 578CDA212B8B75D400DAA267 /* UIVIewController+Extension.swift */; };
		578CDA262B8B7FF000DAA267 /* MainViewModel.swift in Sources */ = {isa = PBXBuildFile; fileRef = 578CDA252B8B7FF000DAA267 /* MainViewModel.swift */; };
		57FA74ED2B8A3E2000390D9D /* NetworkManager.swift in Sources */ = {isa = PBXBuildFile; fileRef = 57FA74EC2B8A3E2000390D9D /* NetworkManager.swift */; };
		57FA74EF2B8A3E4400390D9D /* URL.swift in Sources */ = {isa = PBXBuildFile; fileRef = 57FA74EE2B8A3E4400390D9D /* URL.swift */; };
		57FA74F12B8A3F2D00390D9D /* PhotoModel.swift in Sources */ = {isa = PBXBuildFile; fileRef = 57FA74F02B8A3F2D00390D9D /* PhotoModel.swift */; };
		57FA75192B8A4C9000390D9D /* UIImage+Extension.swift in Sources */ = {isa = PBXBuildFile; fileRef = 57FA75182B8A4C9000390D9D /* UIImage+Extension.swift */; };
		57FA751C2B8A55F200390D9D /* PhotoCollectionViewCell.swift in Sources */ = {isa = PBXBuildFile; fileRef = 57FA751A2B8A55F200390D9D /* PhotoCollectionViewCell.swift */; };
		57FA751D2B8A55F200390D9D /* PhotoCollectionViewCell.xib in Resources */ = {isa = PBXBuildFile; fileRef = 57FA751B2B8A55F200390D9D /* PhotoCollectionViewCell.xib */; };
/* End PBXBuildFile section */

/* Begin PBXFileReference section */
		576794CC2B8B49C2001EF73C /* PhotosCollectionView.swift */ = {isa = PBXFileReference; lastKnownFileType = sourcecode.swift; path = PhotosCollectionView.swift; sourceTree = "<group>"; };
		576794D12B8B5631001EF73C /* DetailsTableView.swift */ = {isa = PBXFileReference; lastKnownFileType = sourcecode.swift; path = DetailsTableView.swift; sourceTree = "<group>"; };
		576794D72B8B576F001EF73C /* ColorThumbnailTableViewCell.swift */ = {isa = PBXFileReference; lastKnownFileType = sourcecode.swift; path = ColorThumbnailTableViewCell.swift; sourceTree = "<group>"; };
		576794D82B8B576F001EF73C /* ColorThumbnailTableViewCell.xib */ = {isa = PBXFileReference; lastKnownFileType = file.xib; path = ColorThumbnailTableViewCell.xib; sourceTree = "<group>"; };
		576794DC2B8B63AF001EF73C /* UIView+Extension.swift */ = {isa = PBXFileReference; lastKnownFileType = sourcecode.swift; path = "UIView+Extension.swift"; sourceTree = "<group>"; };
		577F3D272B8A3BB400B12EC6 /* BT-Photos.app */ = {isa = PBXFileReference; explicitFileType = wrapper.application; includeInIndex = 0; path = "BT-Photos.app"; sourceTree = BUILT_PRODUCTS_DIR; };
		577F3D2A2B8A3BB400B12EC6 /* AppDelegate.swift */ = {isa = PBXFileReference; lastKnownFileType = sourcecode.swift; path = AppDelegate.swift; sourceTree = "<group>"; };
		577F3D2C2B8A3BB400B12EC6 /* SceneDelegate.swift */ = {isa = PBXFileReference; lastKnownFileType = sourcecode.swift; path = SceneDelegate.swift; sourceTree = "<group>"; };
		577F3D2E2B8A3BB400B12EC6 /* MainViewController.swift */ = {isa = PBXFileReference; lastKnownFileType = sourcecode.swift; path = MainViewController.swift; sourceTree = "<group>"; };
		577F3D312B8A3BB400B12EC6 /* Base */ = {isa = PBXFileReference; lastKnownFileType = file.storyboard; name = Base; path = Base.lproj/Main.storyboard; sourceTree = "<group>"; };
		577F3D332B8A3BB500B12EC6 /* Assets.xcassets */ = {isa = PBXFileReference; lastKnownFileType = folder.assetcatalog; path = Assets.xcassets; sourceTree = "<group>"; };
		577F3D362B8A3BB500B12EC6 /* Base */ = {isa = PBXFileReference; lastKnownFileType = file.storyboard; name = Base; path = Base.lproj/LaunchScreen.storyboard; sourceTree = "<group>"; };
		577F3D382B8A3BB500B12EC6 /* Info.plist */ = {isa = PBXFileReference; lastKnownFileType = text.plist.xml; path = Info.plist; sourceTree = "<group>"; };
		578CDA212B8B75D400DAA267 /* UIVIewController+Extension.swift */ = {isa = PBXFileReference; lastKnownFileType = sourcecode.swift; path = "UIVIewController+Extension.swift"; sourceTree = "<group>"; };
		578CDA252B8B7FF000DAA267 /* MainViewModel.swift */ = {isa = PBXFileReference; lastKnownFileType = sourcecode.swift; path = MainViewModel.swift; sourceTree = "<group>"; };
		57ABF318AE45285B589E90C5 /* Pods-BT-Photos.debug.xcconfig */ = {isa = PBXFileReference; includeInIndex = 1; lastKnownFileType = text.xcconfig; name = "Pods-BT-Photos.debug.xcconfig"; path = "Target Support Files/Pods-BT-Photos/Pods-BT-Photos.debug.xcconfig"; sourceTree = "<group>"; };
		57FA74EC2B8A3E2000390D9D /* NetworkManager.swift */ = {isa = PBXFileReference; lastKnownFileType = sourcecode.swift; path = NetworkManager.swift; sourceTree = "<group>"; };
		57FA74EE2B8A3E4400390D9D /* URL.swift */ = {isa = PBXFileReference; lastKnownFileType = sourcecode.swift; path = URL.swift; sourceTree = "<group>"; };
		57FA74F02B8A3F2D00390D9D /* PhotoModel.swift */ = {isa = PBXFileReference; lastKnownFileType = sourcecode.swift; path = PhotoModel.swift; sourceTree = "<group>"; };
		57FA75182B8A4C9000390D9D /* UIImage+Extension.swift */ = {isa = PBXFileReference; lastKnownFileType = sourcecode.swift; path = "UIImage+Extension.swift"; sourceTree = "<group>"; };
		57FA751A2B8A55F200390D9D /* PhotoCollectionViewCell.swift */ = {isa = PBXFileReference; lastKnownFileType = sourcecode.swift; path = PhotoCollectionViewCell.swift; sourceTree = "<group>"; };
		57FA751B2B8A55F200390D9D /* PhotoCollectionViewCell.xib */ = {isa = PBXFileReference; lastKnownFileType = file.xib; path = PhotoCollectionViewCell.xib; sourceTree = "<group>"; };
		A9A955F7435DF281F8808ED5 /* Pods-BT-Photos.release.xcconfig */ = {isa = PBXFileReference; includeInIndex = 1; lastKnownFileType = text.xcconfig; name = "Pods-BT-Photos.release.xcconfig"; path = "Target Support Files/Pods-BT-Photos/Pods-BT-Photos.release.xcconfig"; sourceTree = "<group>"; };
		BE727CBB298BD6DCF9809C9F /* Pods_BT_Photos.framework */ = {isa = PBXFileReference; explicitFileType = wrapper.framework; includeInIndex = 0; path = Pods_BT_Photos.framework; sourceTree = BUILT_PRODUCTS_DIR; };
/* End PBXFileReference section */

/* Begin PBXFrameworksBuildPhase section */
		577F3D242B8A3BB400B12EC6 /* Frameworks */ = {
			isa = PBXFrameworksBuildPhase;
			buildActionMask = 2147483647;
			files = (
				2BD6A2F6A3C9D35682A82081 /* Pods_BT_Photos.framework in Frameworks */,
			);
			runOnlyForDeploymentPostprocessing = 0;
		};
/* End PBXFrameworksBuildPhase section */

/* Begin PBXGroup section */
		0BCA23BB0EC94BDC900650FC /* Frameworks */ = {
			isa = PBXGroup;
			children = (
				BE727CBB298BD6DCF9809C9F /* Pods_BT_Photos.framework */,
			);
			name = Frameworks;
			sourceTree = "<group>";
		};
		576794CE2B8B4A38001EF73C /* MainView */ = {
			isa = PBXGroup;
			children = (
				578CDA272B8B8AEB00DAA267 /* ViewModel */,
				578CDA282B8B8AF500DAA267 /* View */,
			);
			path = MainView;
			sourceTree = "<group>";
		};
		576794CF2B8B4A51001EF73C /* NetworkManager */ = {
			isa = PBXGroup;
			children = (
				57FA74EC2B8A3E2000390D9D /* NetworkManager.swift */,
				57FA74EE2B8A3E4400390D9D /* URL.swift */,
			);
			path = NetworkManager;
			sourceTree = "<group>";
		};
		576794D02B8B4A68001EF73C /* Model */ = {
			isa = PBXGroup;
			children = (
				57FA74F02B8A3F2D00390D9D /* PhotoModel.swift */,
			);
			path = Model;
			sourceTree = "<group>";
		};
		576794DB2B8B583E001EF73C /* ColorThumbnail */ = {
			isa = PBXGroup;
			children = (
				576794D72B8B576F001EF73C /* ColorThumbnailTableViewCell.swift */,
				576794D82B8B576F001EF73C /* ColorThumbnailTableViewCell.xib */,
			);
			path = ColorThumbnail;
			sourceTree = "<group>";
		};
		577F3D1E2B8A3BB400B12EC6 = {
			isa = PBXGroup;
			children = (
				577F3D292B8A3BB400B12EC6 /* BT-Photos */,
				577F3D282B8A3BB400B12EC6 /* Products */,
				A520AD822955F7B702C1291F /* Pods */,
				0BCA23BB0EC94BDC900650FC /* Frameworks */,
			);
			sourceTree = "<group>";
		};
		577F3D282B8A3BB400B12EC6 /* Products */ = {
			isa = PBXGroup;
			children = (
				577F3D272B8A3BB400B12EC6 /* BT-Photos.app */,
			);
			name = Products;
			sourceTree = "<group>";
		};
		577F3D292B8A3BB400B12EC6 /* BT-Photos */ = {
			isa = PBXGroup;
			children = (
				578CDA2B2B8B8B4C00DAA267 /* AppDelegate */,
				578CDA232B8B7F8600DAA267 /* Helper */,
				576794CF2B8B4A51001EF73C /* NetworkManager */,
				576794D02B8B4A68001EF73C /* Model */,
				578CDA242B8B7FA700DAA267 /* UI */,
				578CDA2C2B8B8B5C00DAA267 /* Storyboard */,
				578CDA2D2B8B8B7000DAA267 /* Assets */,
				578CDA2E2B8B8B7D00DAA267 /* Launch */,
				577F3D382B8A3BB500B12EC6 /* Info.plist */,
			);
			path = "BT-Photos";
			sourceTree = "<group>";
		};
		578CDA202B8B741C00DAA267 /* Class+Extension */ = {
			isa = PBXGroup;
			children = (
				576794DC2B8B63AF001EF73C /* UIView+Extension.swift */,
				578CDA212B8B75D400DAA267 /* UIVIewController+Extension.swift */,
				57FA75182B8A4C9000390D9D /* UIImage+Extension.swift */,
			);
			path = "Class+Extension";
			sourceTree = "<group>";
		};
		578CDA232B8B7F8600DAA267 /* Helper */ = {
			isa = PBXGroup;
			children = (
				578CDA202B8B741C00DAA267 /* Class+Extension */,
			);
			path = Helper;
			sourceTree = "<group>";
		};
		578CDA242B8B7FA700DAA267 /* UI */ = {
			isa = PBXGroup;
			children = (
				576794CE2B8B4A38001EF73C /* MainView */,
			);
			path = UI;
			sourceTree = "<group>";
		};
		578CDA272B8B8AEB00DAA267 /* ViewModel */ = {
			isa = PBXGroup;
			children = (
				578CDA252B8B7FF000DAA267 /* MainViewModel.swift */,
			);
			path = ViewModel;
			sourceTree = "<group>";
		};
		578CDA282B8B8AF500DAA267 /* View */ = {
			isa = PBXGroup;
			children = (
				577F3D2E2B8A3BB400B12EC6 /* MainViewController.swift */,
				578CDA292B8B8B0400DAA267 /* SubViews */,
			);
			path = View;
			sourceTree = "<group>";
		};
		578CDA292B8B8B0400DAA267 /* SubViews */ = {
			isa = PBXGroup;
			children = (
				576794CC2B8B49C2001EF73C /* PhotosCollectionView.swift */,
				576794D12B8B5631001EF73C /* DetailsTableView.swift */,
				578CDA2A2B8B8B2A00DAA267 /* Cell */,
			);
			path = SubViews;
			sourceTree = "<group>";
		};
		578CDA2A2B8B8B2A00DAA267 /* Cell */ = {
			isa = PBXGroup;
			children = (
				57FA751E2B8A55F700390D9D /* PhotoCollectionViewCell */,
				576794DB2B8B583E001EF73C /* ColorThumbnail */,
			);
			path = Cell;
			sourceTree = "<group>";
		};
		578CDA2B2B8B8B4C00DAA267 /* AppDelegate */ = {
			isa = PBXGroup;
			children = (
				577F3D2A2B8A3BB400B12EC6 /* AppDelegate.swift */,
				577F3D2C2B8A3BB400B12EC6 /* SceneDelegate.swift */,
			);
			path = AppDelegate;
			sourceTree = "<group>";
		};
		578CDA2C2B8B8B5C00DAA267 /* Storyboard */ = {
			isa = PBXGroup;
			children = (
				577F3D302B8A3BB400B12EC6 /* Main.storyboard */,
			);
			path = Storyboard;
			sourceTree = "<group>";
		};
		578CDA2D2B8B8B7000DAA267 /* Assets */ = {
			isa = PBXGroup;
			children = (
				577F3D332B8A3BB500B12EC6 /* Assets.xcassets */,
			);
			path = Assets;
			sourceTree = "<group>";
		};
		578CDA2E2B8B8B7D00DAA267 /* Launch */ = {
			isa = PBXGroup;
			children = (
				577F3D352B8A3BB500B12EC6 /* LaunchScreen.storyboard */,
			);
			path = Launch;
			sourceTree = "<group>";
		};
		57FA751E2B8A55F700390D9D /* PhotoCollectionViewCell */ = {
			isa = PBXGroup;
			children = (
				57FA751A2B8A55F200390D9D /* PhotoCollectionViewCell.swift */,
				57FA751B2B8A55F200390D9D /* PhotoCollectionViewCell.xib */,
			);
			path = PhotoCollectionViewCell;
			sourceTree = "<group>";
		};
		A520AD822955F7B702C1291F /* Pods */ = {
			isa = PBXGroup;
			children = (
				57ABF318AE45285B589E90C5 /* Pods-BT-Photos.debug.xcconfig */,
				A9A955F7435DF281F8808ED5 /* Pods-BT-Photos.release.xcconfig */,
			);
			path = Pods;
			sourceTree = "<group>";
		};
/* End PBXGroup section */

/* Begin PBXNativeTarget section */
		577F3D262B8A3BB400B12EC6 /* BT-Photos */ = {
			isa = PBXNativeTarget;
			buildConfigurationList = 577F3D3B2B8A3BB500B12EC6 /* Build configuration list for PBXNativeTarget "BT-Photos" */;
			buildPhases = (
				DD03F5A8A9AE63521ADB2028 /* [CP] Check Pods Manifest.lock */,
				577F3D232B8A3BB400B12EC6 /* Sources */,
				577F3D242B8A3BB400B12EC6 /* Frameworks */,
				577F3D252B8A3BB400B12EC6 /* Resources */,
				A7C21FFE2B3E792BD9E69EEA /* [CP] Embed Pods Frameworks */,
			);
			buildRules = (
			);
			dependencies = (
			);
			name = "BT-Photos";
			productName = "BT-Photos";
			productReference = 577F3D272B8A3BB400B12EC6 /* BT-Photos.app */;
			productType = "com.apple.product-type.application";
		};
/* End PBXNativeTarget section */

/* Begin PBXProject section */
		577F3D1F2B8A3BB400B12EC6 /* Project object */ = {
			isa = PBXProject;
			attributes = {
				BuildIndependentTargetsInParallel = 1;
				LastSwiftUpdateCheck = 1520;
				LastUpgradeCheck = 1520;
				TargetAttributes = {
					577F3D262B8A3BB400B12EC6 = {
						CreatedOnToolsVersion = 15.2;
					};
				};
			};
			buildConfigurationList = 577F3D222B8A3BB400B12EC6 /* Build configuration list for PBXProject "BT-Photos" */;
			compatibilityVersion = "Xcode 14.0";
			developmentRegion = en;
			hasScannedForEncodings = 0;
			knownRegions = (
				en,
				Base,
			);
			mainGroup = 577F3D1E2B8A3BB400B12EC6;
			productRefGroup = 577F3D282B8A3BB400B12EC6 /* Products */;
			projectDirPath = "";
			projectRoot = "";
			targets = (
				577F3D262B8A3BB400B12EC6 /* BT-Photos */,
			);
		};
/* End PBXProject section */

/* Begin PBXResourcesBuildPhase section */
		577F3D252B8A3BB400B12EC6 /* Resources */ = {
			isa = PBXResourcesBuildPhase;
			buildActionMask = 2147483647;
			files = (
				576794DA2B8B576F001EF73C /* ColorThumbnailTableViewCell.xib in Resources */,
				577F3D372B8A3BB500B12EC6 /* LaunchScreen.storyboard in Resources */,
				57FA751D2B8A55F200390D9D /* PhotoCollectionViewCell.xib in Resources */,
				577F3D342B8A3BB500B12EC6 /* Assets.xcassets in Resources */,
				577F3D322B8A3BB400B12EC6 /* Main.storyboard in Resources */,
			);
			runOnlyForDeploymentPostprocessing = 0;
		};
/* End PBXResourcesBuildPhase section */

/* Begin PBXShellScriptBuildPhase section */
		A7C21FFE2B3E792BD9E69EEA /* [CP] Embed Pods Frameworks */ = {
			isa = PBXShellScriptBuildPhase;
			buildActionMask = 2147483647;
			files = (
			);
			inputFileListPaths = (
				"${PODS_ROOT}/Target Support Files/Pods-BT-Photos/Pods-BT-Photos-frameworks-${CONFIGURATION}-input-files.xcfilelist",
			);
			name = "[CP] Embed Pods Frameworks";
			outputFileListPaths = (
				"${PODS_ROOT}/Target Support Files/Pods-BT-Photos/Pods-BT-Photos-frameworks-${CONFIGURATION}-output-files.xcfilelist",
			);
			runOnlyForDeploymentPostprocessing = 0;
			shellPath = /bin/sh;
			shellScript = "\"${PODS_ROOT}/Target Support Files/Pods-BT-Photos/Pods-BT-Photos-frameworks.sh\"\n";
			showEnvVarsInLog = 0;
		};
		DD03F5A8A9AE63521ADB2028 /* [CP] Check Pods Manifest.lock */ = {
			isa = PBXShellScriptBuildPhase;
			buildActionMask = 2147483647;
			files = (
			);
			inputFileListPaths = (
			);
			inputPaths = (
				"${PODS_PODFILE_DIR_PATH}/Podfile.lock",
				"${PODS_ROOT}/Manifest.lock",
			);
			name = "[CP] Check Pods Manifest.lock";
			outputFileListPaths = (
			);
			outputPaths = (
				"$(DERIVED_FILE_DIR)/Pods-BT-Photos-checkManifestLockResult.txt",
			);
			runOnlyForDeploymentPostprocessing = 0;
			shellPath = /bin/sh;
			shellScript = "diff \"${PODS_PODFILE_DIR_PATH}/Podfile.lock\" \"${PODS_ROOT}/Manifest.lock\" > /dev/null\nif [ $? != 0 ] ; then\n    # print error to STDERR\n    echo \"error: The sandbox is not in sync with the Podfile.lock. Run 'pod install' or update your CocoaPods installation.\" >&2\n    exit 1\nfi\n# This output is used by Xcode 'outputs' to avoid re-running this script phase.\necho \"SUCCESS\" > \"${SCRIPT_OUTPUT_FILE_0}\"\n";
			showEnvVarsInLog = 0;
		};
/* End PBXShellScriptBuildPhase section */

/* Begin PBXSourcesBuildPhase section */
		577F3D232B8A3BB400B12EC6 /* Sources */ = {
			isa = PBXSourcesBuildPhase;
			buildActionMask = 2147483647;
			files = (
				578CDA222B8B75D400DAA267 /* UIVIewController+Extension.swift in Sources */,
				57FA75192B8A4C9000390D9D /* UIImage+Extension.swift in Sources */,
				57FA751C2B8A55F200390D9D /* PhotoCollectionViewCell.swift in Sources */,
				576794D92B8B576F001EF73C /* ColorThumbnailTableViewCell.swift in Sources */,
				576794D22B8B5631001EF73C /* DetailsTableView.swift in Sources */,
				57FA74EF2B8A3E4400390D9D /* URL.swift in Sources */,
				57FA74ED2B8A3E2000390D9D /* NetworkManager.swift in Sources */,
				578CDA262B8B7FF000DAA267 /* MainViewModel.swift in Sources */,
				576794DD2B8B63AF001EF73C /* UIView+Extension.swift in Sources */,
				577F3D2F2B8A3BB400B12EC6 /* MainViewController.swift in Sources */,
				57FA74F12B8A3F2D00390D9D /* PhotoModel.swift in Sources */,
				576794CD2B8B49C2001EF73C /* PhotosCollectionView.swift in Sources */,
				577F3D2B2B8A3BB400B12EC6 /* AppDelegate.swift in Sources */,
				577F3D2D2B8A3BB400B12EC6 /* SceneDelegate.swift in Sources */,
			);
			runOnlyForDeploymentPostprocessing = 0;
		};
/* End PBXSourcesBuildPhase section */

/* Begin PBXVariantGroup section */
		577F3D302B8A3BB400B12EC6 /* Main.storyboard */ = {
			isa = PBXVariantGroup;
			children = (
				577F3D312B8A3BB400B12EC6 /* Base */,
			);
			name = Main.storyboard;
			sourceTree = "<group>";
		};
		577F3D352B8A3BB500B12EC6 /* LaunchScreen.storyboard */ = {
			isa = PBXVariantGroup;
			children = (
				577F3D362B8A3BB500B12EC6 /* Base */,
			);
			name = LaunchScreen.storyboard;
			sourceTree = "<group>";
		};
/* End PBXVariantGroup section */

/* Begin XCBuildConfiguration section */
		577F3D392B8A3BB500B12EC6 /* Debug */ = {
			isa = XCBuildConfiguration;
			buildSettings = {
				ALWAYS_SEARCH_USER_PATHS = NO;
				ASSETCATALOG_COMPILER_GENERATE_SWIFT_ASSET_SYMBOL_EXTENSIONS = YES;
				CLANG_ANALYZER_NONNULL = YES;
				CLANG_ANALYZER_NUMBER_OBJECT_CONVERSION = YES_AGGRESSIVE;
				CLANG_CXX_LANGUAGE_STANDARD = "gnu++20";
				CLANG_ENABLE_MODULES = YES;
				CLANG_ENABLE_OBJC_ARC = YES;
				CLANG_ENABLE_OBJC_WEAK = YES;
				CLANG_WARN_BLOCK_CAPTURE_AUTORELEASING = YES;
				CLANG_WARN_BOOL_CONVERSION = YES;
				CLANG_WARN_COMMA = YES;
				CLANG_WARN_CONSTANT_CONVERSION = YES;
				CLANG_WARN_DEPRECATED_OBJC_IMPLEMENTATIONS = YES;
				CLANG_WARN_DIRECT_OBJC_ISA_USAGE = YES_ERROR;
				CLANG_WARN_DOCUMENTATION_COMMENTS = YES;
				CLANG_WARN_EMPTY_BODY = YES;
				CLANG_WARN_ENUM_CONVERSION = YES;
				CLANG_WARN_INFINITE_RECURSION = YES;
				CLANG_WARN_INT_CONVERSION = YES;
				CLANG_WARN_NON_LITERAL_NULL_CONVERSION = YES;
				CLANG_WARN_OBJC_IMPLICIT_RETAIN_SELF = YES;
				CLANG_WARN_OBJC_LITERAL_CONVERSION = YES;
				CLANG_WARN_OBJC_ROOT_CLASS = YES_ERROR;
				CLANG_WARN_QUOTED_INCLUDE_IN_FRAMEWORK_HEADER = YES;
				CLANG_WARN_RANGE_LOOP_ANALYSIS = YES;
				CLANG_WARN_STRICT_PROTOTYPES = YES;
				CLANG_WARN_SUSPICIOUS_MOVE = YES;
				CLANG_WARN_UNGUARDED_AVAILABILITY = YES_AGGRESSIVE;
				CLANG_WARN_UNREACHABLE_CODE = YES;
				CLANG_WARN__DUPLICATE_METHOD_MATCH = YES;
				COPY_PHASE_STRIP = NO;
				DEBUG_INFORMATION_FORMAT = dwarf;
				ENABLE_STRICT_OBJC_MSGSEND = YES;
				ENABLE_TESTABILITY = YES;
				ENABLE_USER_SCRIPT_SANDBOXING = NO;
				GCC_C_LANGUAGE_STANDARD = gnu17;
				GCC_DYNAMIC_NO_PIC = NO;
				GCC_NO_COMMON_BLOCKS = YES;
				GCC_OPTIMIZATION_LEVEL = 0;
				GCC_PREPROCESSOR_DEFINITIONS = (
					"DEBUG=1",
					"$(inherited)",
				);
				GCC_WARN_64_TO_32_BIT_CONVERSION = YES;
				GCC_WARN_ABOUT_RETURN_TYPE = YES_ERROR;
				GCC_WARN_UNDECLARED_SELECTOR = YES;
				GCC_WARN_UNINITIALIZED_AUTOS = YES_AGGRESSIVE;
				GCC_WARN_UNUSED_FUNCTION = YES;
				GCC_WARN_UNUSED_VARIABLE = YES;
				IPHONEOS_DEPLOYMENT_TARGET = 17.2;
				LOCALIZATION_PREFERS_STRING_CATALOGS = YES;
				MTL_ENABLE_DEBUG_INFO = INCLUDE_SOURCE;
				MTL_FAST_MATH = YES;
				ONLY_ACTIVE_ARCH = YES;
				SDKROOT = iphoneos;
				SWIFT_ACTIVE_COMPILATION_CONDITIONS = "DEBUG $(inherited)";
				SWIFT_OPTIMIZATION_LEVEL = "-Onone";
			};
			name = Debug;
		};
		577F3D3A2B8A3BB500B12EC6 /* Release */ = {
			isa = XCBuildConfiguration;
			buildSettings = {
				ALWAYS_SEARCH_USER_PATHS = NO;
				ASSETCATALOG_COMPILER_GENERATE_SWIFT_ASSET_SYMBOL_EXTENSIONS = YES;
				CLANG_ANALYZER_NONNULL = YES;
				CLANG_ANALYZER_NUMBER_OBJECT_CONVERSION = YES_AGGRESSIVE;
				CLANG_CXX_LANGUAGE_STANDARD = "gnu++20";
				CLANG_ENABLE_MODULES = YES;
				CLANG_ENABLE_OBJC_ARC = YES;
				CLANG_ENABLE_OBJC_WEAK = YES;
				CLANG_WARN_BLOCK_CAPTURE_AUTORELEASING = YES;
				CLANG_WARN_BOOL_CONVERSION = YES;
				CLANG_WARN_COMMA = YES;
				CLANG_WARN_CONSTANT_CONVERSION = YES;
				CLANG_WARN_DEPRECATED_OBJC_IMPLEMENTATIONS = YES;
				CLANG_WARN_DIRECT_OBJC_ISA_USAGE = YES_ERROR;
				CLANG_WARN_DOCUMENTATION_COMMENTS = YES;
				CLANG_WARN_EMPTY_BODY = YES;
				CLANG_WARN_ENUM_CONVERSION = YES;
				CLANG_WARN_INFINITE_RECURSION = YES;
				CLANG_WARN_INT_CONVERSION = YES;
				CLANG_WARN_NON_LITERAL_NULL_CONVERSION = YES;
				CLANG_WARN_OBJC_IMPLICIT_RETAIN_SELF = YES;
				CLANG_WARN_OBJC_LITERAL_CONVERSION = YES;
				CLANG_WARN_OBJC_ROOT_CLASS = YES_ERROR;
				CLANG_WARN_QUOTED_INCLUDE_IN_FRAMEWORK_HEADER = YES;
				CLANG_WARN_RANGE_LOOP_ANALYSIS = YES;
				CLANG_WARN_STRICT_PROTOTYPES = YES;
				CLANG_WARN_SUSPICIOUS_MOVE = YES;
				CLANG_WARN_UNGUARDED_AVAILABILITY = YES_AGGRESSIVE;
				CLANG_WARN_UNREACHABLE_CODE = YES;
				CLANG_WARN__DUPLICATE_METHOD_MATCH = YES;
				COPY_PHASE_STRIP = NO;
				DEBUG_INFORMATION_FORMAT = "dwarf-with-dsym";
				ENABLE_NS_ASSERTIONS = NO;
				ENABLE_STRICT_OBJC_MSGSEND = YES;
				ENABLE_USER_SCRIPT_SANDBOXING = NO;
				GCC_C_LANGUAGE_STANDARD = gnu17;
				GCC_NO_COMMON_BLOCKS = YES;
				GCC_WARN_64_TO_32_BIT_CONVERSION = YES;
				GCC_WARN_ABOUT_RETURN_TYPE = YES_ERROR;
				GCC_WARN_UNDECLARED_SELECTOR = YES;
				GCC_WARN_UNINITIALIZED_AUTOS = YES_AGGRESSIVE;
				GCC_WARN_UNUSED_FUNCTION = YES;
				GCC_WARN_UNUSED_VARIABLE = YES;
				IPHONEOS_DEPLOYMENT_TARGET = 17.2;
				LOCALIZATION_PREFERS_STRING_CATALOGS = YES;
				MTL_ENABLE_DEBUG_INFO = NO;
				MTL_FAST_MATH = YES;
				SDKROOT = iphoneos;
				SWIFT_COMPILATION_MODE = wholemodule;
				VALIDATE_PRODUCT = YES;
			};
			name = Release;
		};
		577F3D3C2B8A3BB500B12EC6 /* Debug */ = {
			isa = XCBuildConfiguration;
			baseConfigurationReference = 57ABF318AE45285B589E90C5 /* Pods-BT-Photos.debug.xcconfig */;
			buildSettings = {
				ASSETCATALOG_COMPILER_APPICON_NAME = AppIcon;
				ASSETCATALOG_COMPILER_GLOBAL_ACCENT_COLOR_NAME = AccentColor;
				CODE_SIGN_STYLE = Automatic;
				CURRENT_PROJECT_VERSION = 1;
				DEVELOPMENT_TEAM = TG67W2FMU4;
				ENABLE_USER_SCRIPT_SANDBOXING = NO;
				GENERATE_INFOPLIST_FILE = YES;
				INFOPLIST_FILE = "BT-Photos/Info.plist";
				INFOPLIST_KEY_UIApplicationSupportsIndirectInputEvents = YES;
				INFOPLIST_KEY_UILaunchStoryboardName = LaunchScreen;
				INFOPLIST_KEY_UIMainStoryboardFile = Main;
				INFOPLIST_KEY_UISupportedInterfaceOrientations_iPad = "UIInterfaceOrientationPortrait UIInterfaceOrientationPortraitUpsideDown UIInterfaceOrientationLandscapeLeft UIInterfaceOrientationLandscapeRight";
				INFOPLIST_KEY_UISupportedInterfaceOrientations_iPhone = "UIInterfaceOrientationPortrait UIInterfaceOrientationLandscapeLeft UIInterfaceOrientationLandscapeRight";
				LD_RUNPATH_SEARCH_PATHS = (
					"$(inherited)",
					"@executable_path/Frameworks",
				);
				MARKETING_VERSION = 1.0;
				PRODUCT_BUNDLE_IDENTIFIER = "com.pravin.bt-photos.BT-Photos";
				PRODUCT_NAME = "$(TARGET_NAME)";
				SWIFT_EMIT_LOC_STRINGS = YES;
				SWIFT_VERSION = 5.0;
				TARGETED_DEVICE_FAMILY = "1,2";
			};
			name = Debug;
		};
		577F3D3D2B8A3BB500B12EC6 /* Release */ = {
			isa = XCBuildConfiguration;
			baseConfigurationReference = A9A955F7435DF281F8808ED5 /* Pods-BT-Photos.release.xcconfig */;
			buildSettings = {
				ASSETCATALOG_COMPILER_APPICON_NAME = AppIcon;
				ASSETCATALOG_COMPILER_GLOBAL_ACCENT_COLOR_NAME = AccentColor;
				CODE_SIGN_STYLE = Automatic;
				CURRENT_PROJECT_VERSION = 1;
				DEVELOPMENT_TEAM = TG67W2FMU4;
				ENABLE_USER_SCRIPT_SANDBOXING = NO;
				GENERATE_INFOPLIST_FILE = YES;
				INFOPLIST_FILE = "BT-Photos/Info.plist";
				INFOPLIST_KEY_UIApplicationSupportsIndirectInputEvents = YES;
				INFOPLIST_KEY_UILaunchStoryboardName = LaunchScreen;
				INFOPLIST_KEY_UIMainStoryboardFile = Main;
				INFOPLIST_KEY_UISupportedInterfaceOrientations_iPad = "UIInterfaceOrientationPortrait UIInterfaceOrientationPortraitUpsideDown UIInterfaceOrientationLandscapeLeft UIInterfaceOrientationLandscapeRight";
				INFOPLIST_KEY_UISupportedInterfaceOrientations_iPhone = "UIInterfaceOrientationPortrait UIInterfaceOrientationLandscapeLeft UIInterfaceOrientationLandscapeRight";
				LD_RUNPATH_SEARCH_PATHS = (
					"$(inherited)",
					"@executable_path/Frameworks",
				);
				MARKETING_VERSION = 1.0;
				PRODUCT_BUNDLE_IDENTIFIER = "com.pravin.bt-photos.BT-Photos";
				PRODUCT_NAME = "$(TARGET_NAME)";
				SWIFT_EMIT_LOC_STRINGS = YES;
				SWIFT_VERSION = 5.0;
				TARGETED_DEVICE_FAMILY = "1,2";
			};
			name = Release;
		};
/* End XCBuildConfiguration section */

/* Begin XCConfigurationList section */
		577F3D222B8A3BB400B12EC6 /* Build configuration list for PBXProject "BT-Photos" */ = {
			isa = XCConfigurationList;
			buildConfigurations = (
				577F3D392B8A3BB500B12EC6 /* Debug */,
				577F3D3A2B8A3BB500B12EC6 /* Release */,
			);
			defaultConfigurationIsVisible = 0;
			defaultConfigurationName = Release;
		};
		577F3D3B2B8A3BB500B12EC6 /* Build configuration list for PBXNativeTarget "BT-Photos" */ = {
			isa = XCConfigurationList;
			buildConfigurations = (
				577F3D3C2B8A3BB500B12EC6 /* Debug */,
				577F3D3D2B8A3BB500B12EC6 /* Release */,
			);
			defaultConfigurationIsVisible = 0;
			defaultConfigurationName = Release;
		};
/* End XCConfigurationList section */
	};
	rootObject = 577F3D1F2B8A3BB400B12EC6 /* Project object */;
}
